PODS:
  - Alamofire (4.4.0)
  - PMAlertController (2.1.2)
  - PopupDialog (0.5.4)
  - SCLAlertView (0.7.0)

DEPENDENCIES:
  - Alamofire (~> 4.4)
  - PMAlertController
  - PopupDialog (~> 0.5)
  - SCLAlertView

SPEC CHECKSUMS:
  Alamofire: dc44b1600b800eb63da6a19039a0083d62a6a62d
  PMAlertController: 0fbcc3d1cee86ee0bd85f693ca85f6388e504ec8
  PopupDialog: 75cf955693590b0cb2fdde00223fb65d99c57247
  SCLAlertView: 8a14ffc40590c619e183eed2298b854385f30be1

PODFILE CHECKSUM: 149f51223bb3be8d867e7c34cabe72e7d78a469a

COCOAPODS: 1.2.0
